
Microsoft Visual Studio Solution File, Format Version 12.00
# Visual Studio 15
Project("{FAE04EC0-301F-11D3-BF4B-00C04F79EFBC}") = "Assembly-CSharp", "Assembly-CSharp.csproj", "{1B4316C3-8790-CC83-B589-21A6091C7EDC}"
EndProject
Global
	GlobalSection(SolutionConfigurationPlatforms) = preSolution
		Debug|Any CPU = Debug|Any CPU
		Release|Any CPU = Release|Any CPU
	EndGlobalSection
	GlobalSection(ProjectConfigurationPlatforms) = postSolution
		{1B4316C3-8790-CC83-B589-21A6091C7EDC}.Debug|Any CPU.ActiveCfg = Debug|Any CPU
		{1B4316C3-8790-CC83-B589-21A6091C7EDC}.Debug|Any CPU.Build.0 = Debug|Any CPU
		{1B4316C3-8790-CC83-B589-21A6091C7EDC}.Release|Any CPU.ActiveCfg = Release|Any CPU
		{1B4316C3-8790-CC83-B589-21A6091C7EDC}.Release|Any CPU.Build.0 = Release|Any CPU
	EndGlobalSection
	GlobalSection(SolutionProperties) = preSolution
		HideSolutionNode = FALSE
	EndGlobalSection
EndGlobal
